{
    "_meta": {
        "hash": {
            "sha256": "98d041ee240ae2112534d2eb0b6a4383d7b7c05d9ac0a173f4980900ffe91c48"
        },
        "pipfile-spec": 6,
        "requires": {
            "python_version": "3.7"
        },
        "sources": [
            {
                "name": "pypi",
                "url": "https://pypi.org/simple",
                "verify_ssl": true
            }
        ]
    },
    "default": {
        "migen": {
            "git": "https://github.com/m-labs/migen.git",
            "ref": "17e6d348b995a85b9625f23a30edada3ffc72e9d"
        }
    },
    "develop": {}
}
